
Microsoft Visual Studio Solution File, Format Version 12.00
# Visual Studio Version 17
VisualStudioVersion = 17.9.34728.123
MinimumVisualStudioVersion = 10.0.40219.1
Project("{FAE04EC0-301F-11D3-BF4B-00C04F79EFBC}") = "Challenge3.1", "Challenge3.1.csproj", "{A831528A-2A11-4456-B395-21F20ACAB184}"
EndProject
Global
	GlobalSection(SolutionConfigurationPlatforms) = preSolution
		Debug|Any CPU = Debug|Any CPU
		Release|Any CPU = Release|Any CPU
	EndGlobalSection
	GlobalSection(ProjectConfigurationPlatforms) = postSolution
		{A831528A-2A11-4456-B395-21F20ACAB184}.Debug|Any CPU.ActiveCfg = Debug|Any CPU
		{A831528A-2A11-4456-B395-21F20ACAB184}.Debug|Any CPU.Build.0 = Debug|Any CPU
		{A831528A-2A11-4456-B395-21F20ACAB184}.Release|Any CPU.ActiveCfg = Release|Any CPU
		{A831528A-2A11-4456-B395-21F20ACAB184}.Release|Any CPU.Build.0 = Release|Any CPU
	EndGlobalSection
	GlobalSection(SolutionProperties) = preSolution
		HideSolutionNode = FALSE
	EndGlobalSection
	GlobalSection(ExtensibilityGlobals) = postSolution
		SolutionGuid = {0B37FDE5-BC86-429A-83A7-1C7750A0DD6A}
	EndGlobalSection
EndGlobal
